
Microsoft Visual Studio Solution File, Format Version 12.00
# Visual Studio Version 17
VisualStudioVersion = 17.7.34221.43
MinimumVisualStudioVersion = 10.0.40219.1
Project("{FAE04EC0-301F-11D3-BF4B-00C04F79EFBC}") = "LibProject", "LibProject\LibProject.csproj", "{F582B0E7-CA46-4B35-9D6E-F7CF9B0C7128}"
EndProject
Global
	GlobalSection(SolutionConfigurationPlatforms) = preSolution
		Debug|Any CPU = Debug|Any CPU
		Release|Any CPU = Release|Any CPU
	EndGlobalSection
	GlobalSection(ProjectConfigurationPlatforms) = postSolution
		{F582B0E7-CA46-4B35-9D6E-F7CF9B0C7128}.Debug|Any CPU.ActiveCfg = Debug|Any CPU
		{F582B0E7-CA46-4B35-9D6E-F7CF9B0C7128}.Debug|Any CPU.Build.0 = Debug|Any CPU
		{F582B0E7-CA46-4B35-9D6E-F7CF9B0C7128}.Release|Any CPU.ActiveCfg = Release|Any CPU
		{F582B0E7-CA46-4B35-9D6E-F7CF9B0C7128}.Release|Any CPU.Build.0 = Release|Any CPU
	EndGlobalSection
	GlobalSection(SolutionProperties) = preSolution
		HideSolutionNode = FALSE
	EndGlobalSection
	GlobalSection(ExtensibilityGlobals) = postSolution
		SolutionGuid = {A63BD0B0-3519-4A81-84C8-C787A2E007E9}
	EndGlobalSection
EndGlobal
